// !$*UTF8*$!
{
	archiveVersion = 1;
	classes = {
	};
	objectVersion = 77;
	objects = {

/* Begin PBXBuildFile section */
		0273E9CB2CE9D2760043B886 /* Splash.swift in Sources */ = {isa = PBXBuildFile; fileRef = 0273E9CA2CE9D2760043B886 /* Splash.swift */; };
		0273E9CC2CE9D2760043B886 /* Splash.swift in Sources */ = {isa = PBXBuildFile; fileRef = 0273E9CA2CE9D2760043B886 /* Splash.swift */; };
		0273E9D22CE9E15C0043B886 /* Launch Screen.storyboard in Resources */ = {isa = PBXBuildFile; fileRef = 0273E9D02CE9E15C0043B886 /* Launch Screen.storyboard */; };
		0297A25E2CC3E65D0024AEC9 /* BuzzerBeaterWatch Watch App.app in Embed Watch Content */ = {isa = PBXBuildFile; fileRef = 0297A2512CC3E65C0024AEC9 /* BuzzerBeaterWatch Watch App.app */; settings = {ATTRIBUTES = (RemoveHeadersOnCopy, ); }; };
		0297A28E2CC51A740024AEC9 /* ApparentWind.swift in Sources */ = {isa = PBXBuildFile; fileRef = 0297A27B2CC51A740024AEC9 /* ApparentWind.swift */; };
		0297A28F2CC51A740024AEC9 /* BoatView.swift in Sources */ = {isa = PBXBuildFile; fileRef = 0297A27C2CC51A740024AEC9 /* BoatView.swift */; };
		0297A2922CC51A740024AEC9 /* LocationManager.swift in Sources */ = {isa = PBXBuildFile; fileRef = 0297A27F2CC51A740024AEC9 /* LocationManager.swift */; };
		0297A2932CC51A740024AEC9 /* MapView.swift in Sources */ = {isa = PBXBuildFile; fileRef = 0297A2802CC51A740024AEC9 /* MapView.swift */; };
		0297A2942CC51A740024AEC9 /* SailAngleFind.swift in Sources */ = {isa = PBXBuildFile; fileRef = 0297A2812CC51A740024AEC9 /* SailAngleFind.swift */; };
		0297A2952CC51A740024AEC9 /* SailingDataCollector.swift in Sources */ = {isa = PBXBuildFile; fileRef = 0297A2822CC51A740024AEC9 /* SailingDataCollector.swift */; };
		0297A2962CC51A740024AEC9 /* WindDetector.swift in Sources */ = {isa = PBXBuildFile; fileRef = 0297A2832CC51A740024AEC9 /* WindDetector.swift */; };
		0297A2972CC51A740024AEC9 /* BuzzerBeaterApp.swift in Sources */ = {isa = PBXBuildFile; fileRef = 0297A28A2CC51A740024AEC9 /* BuzzerBeaterApp.swift */; };
		0297A2982CC51A740024AEC9 /* Preview Assets.xcassets in Resources */ = {isa = PBXBuildFile; fileRef = 0297A2852CC51A740024AEC9 /* Preview Assets.xcassets */; };
		0297A2992CC51A740024AEC9 /* .gitignore in Resources */ = {isa = PBXBuildFile; fileRef = 0297A2872CC51A740024AEC9 /* .gitignore */; };
		0297A29A2CC51A740024AEC9 /* Assets.xcassets in Resources */ = {isa = PBXBuildFile; fileRef = 0297A2882CC51A740024AEC9 /* Assets.xcassets */; };
		0297A29C2CC51A740024AEC9 /* ContentView.swift in Sources */ = {isa = PBXBuildFile; fileRef = 0297A27E2CC51A740024AEC9 /* ContentView.swift */; };
		0297A29D2CC51A740024AEC9 /* SailingDataCollector.swift in Sources */ = {isa = PBXBuildFile; fileRef = 0297A2822CC51A740024AEC9 /* SailingDataCollector.swift */; };
		0297A29E2CC51A740024AEC9 /* CompassView.swift in Sources */ = {isa = PBXBuildFile; fileRef = 0297A27D2CC51A740024AEC9 /* CompassView.swift */; };
		0297A29F2CC51A740024AEC9 /* BoatView.swift in Sources */ = {isa = PBXBuildFile; fileRef = 0297A27C2CC51A740024AEC9 /* BoatView.swift */; };
		0297A2A02CC51A740024AEC9 /* ApparentWind.swift in Sources */ = {isa = PBXBuildFile; fileRef = 0297A27B2CC51A740024AEC9 /* ApparentWind.swift */; };
		0297A2A12CC51A740024AEC9 /* SailAngleFind.swift in Sources */ = {isa = PBXBuildFile; fileRef = 0297A2812CC51A740024AEC9 /* SailAngleFind.swift */; };
		0297A2A22CC51A740024AEC9 /* WindDetector.swift in Sources */ = {isa = PBXBuildFile; fileRef = 0297A2832CC51A740024AEC9 /* WindDetector.swift */; };
		0297A2A32CC51A740024AEC9 /* LocationManager.swift in Sources */ = {isa = PBXBuildFile; fileRef = 0297A27F2CC51A740024AEC9 /* LocationManager.swift */; };
		0297A2A42CC51A740024AEC9 /* MapView.swift in Sources */ = {isa = PBXBuildFile; fileRef = 0297A2802CC51A740024AEC9 /* MapView.swift */; };
		CE1B721E2CD27B030044895B /* WorkoutManager.swift in Sources */ = {isa = PBXBuildFile; fileRef = CE1B721D2CD27AFB0044895B /* WorkoutManager.swift */; };
		CE1B72212CD299B00044895B /* WorkoutListView.swift in Sources */ = {isa = PBXBuildFile; fileRef = CE1B72202CD299A30044895B /* WorkoutListView.swift */; };
		CE1B72222CD299B00044895B /* WorkoutListView.swift in Sources */ = {isa = PBXBuildFile; fileRef = CE1B72202CD299A30044895B /* WorkoutListView.swift */; };
		CE1B72242CD299F60044895B /* WorkoutViewModel.swift in Sources */ = {isa = PBXBuildFile; fileRef = CE1B72232CD299EB0044895B /* WorkoutViewModel.swift */; };
		CE1B72252CD299F60044895B /* WorkoutViewModel.swift in Sources */ = {isa = PBXBuildFile; fileRef = CE1B72232CD299EB0044895B /* WorkoutViewModel.swift */; };
		CE5E09992CD8F576005DCB57 /* MapPathView.swift in Sources */ = {isa = PBXBuildFile; fileRef = CE5E09982CD8F563005DCB57 /* MapPathView.swift */; };
		CE5E099A2CD8F576005DCB57 /* MapPathView.swift in Sources */ = {isa = PBXBuildFile; fileRef = CE5E09982CD8F563005DCB57 /* MapPathView.swift */; };
		CEA9CBA82CD5F63F005F1814 /* WorkoutManagerIOS.swift in Sources */ = {isa = PBXBuildFile; fileRef = CEA9CBA62CD5F63A005F1814 /* WorkoutManagerIOS.swift */; };
		CEF0D8622CCEFFF800243992 /* HealthService.swift in Sources */ = {isa = PBXBuildFile; fileRef = CEF0D8612CCEFFDD00243992 /* HealthService.swift */; };
		CEF0D8632CCEFFF800243992 /* HealthService.swift in Sources */ = {isa = PBXBuildFile; fileRef = CEF0D8612CCEFFDD00243992 /* HealthService.swift */; };
		EF79974D2CDB660A004FF039 /* Date+startOfDay.swift in Sources */ = {isa = PBXBuildFile; fileRef = EF79974C2CDB65F6004FF039 /* Date+startOfDay.swift */; };
		EF79974E2CDB660A004FF039 /* Date+startOfDay.swift in Sources */ = {isa = PBXBuildFile; fileRef = EF79974C2CDB65F6004FF039 /* Date+startOfDay.swift */; };
		EF7997502CDB6881004FF039 /* InfoRow.swift in Sources */ = {isa = PBXBuildFile; fileRef = EF79974F2CDB686A004FF039 /* InfoRow.swift */; };
		EF7997512CDB6881004FF039 /* InfoRow.swift in Sources */ = {isa = PBXBuildFile; fileRef = EF79974F2CDB686A004FF039 /* InfoRow.swift */; };
		EF7997562CDB692D004FF039 /* InfoDetail.swift in Sources */ = {isa = PBXBuildFile; fileRef = EF7997552CDB692D004FF039 /* InfoDetail.swift */; };
		EF7997572CDB692D004FF039 /* InfoDetail.swift in Sources */ = {isa = PBXBuildFile; fileRef = EF7997552CDB692D004FF039 /* InfoDetail.swift */; };
		EF7997592CDB7469004FF039 /* DateFormatter+Formats.swift in Sources */ = {isa = PBXBuildFile; fileRef = EF7997582CDB7446004FF039 /* DateFormatter+Formats.swift */; };
		EF79975A2CDB7469004FF039 /* DateFormatter+Formats.swift in Sources */ = {isa = PBXBuildFile; fileRef = EF7997582CDB7446004FF039 /* DateFormatter+Formats.swift */; };
		EF79975C2CDB7C34004FF039 /* InfoIcon.swift in Sources */ = {isa = PBXBuildFile; fileRef = EF79975B2CDB7C34004FF039 /* InfoIcon.swift */; };
		EF79975D2CDB7C34004FF039 /* InfoIcon.swift in Sources */ = {isa = PBXBuildFile; fileRef = EF79975B2CDB7C34004FF039 /* InfoIcon.swift */; };
		EFA4CD732CDB960A003FBF78 /* TimeInterval+Formats.swift in Sources */ = {isa = PBXBuildFile; fileRef = EFA4CD722CDB95E9003FBF78 /* TimeInterval+Formats.swift */; };
		EFA4CD742CDB960A003FBF78 /* TimeInterval+Formats.swift in Sources */ = {isa = PBXBuildFile; fileRef = EFA4CD722CDB95E9003FBF78 /* TimeInterval+Formats.swift */; };
/* End PBXBuildFile section */

/* Begin PBXCopyFilesBuildPhase section */
		0297A25F2CC3E65D0024AEC9 /* Embed Watch Content */ = {
			isa = PBXCopyFilesBuildPhase;
			buildActionMask = 2147483647;
			dstPath = "$(CONTENTS_FOLDER_PATH)/Watch";
			dstSubfolderSpec = 16;
			files = (
				0297A25E2CC3E65D0024AEC9 /* BuzzerBeaterWatch Watch App.app in Embed Watch Content */,
			);
			name = "Embed Watch Content";
			runOnlyForDeploymentPostprocessing = 0;
		};
/* End PBXCopyFilesBuildPhase section */

/* Begin PBXFileReference section */
		0273E9CA2CE9D2760043B886 /* Splash.swift */ = {isa = PBXFileReference; lastKnownFileType = sourcecode.swift; path = Splash.swift; sourceTree = "<group>"; };
		0273E9D02CE9E15C0043B886 /* Launch Screen.storyboard */ = {isa = PBXFileReference; lastKnownFileType = file.storyboard; path = "Launch Screen.storyboard"; sourceTree = "<group>"; };
		0297A2512CC3E65C0024AEC9 /* BuzzerBeaterWatch Watch App.app */ = {isa = PBXFileReference; explicitFileType = wrapper.application; includeInIndex = 0; path = "BuzzerBeaterWatch Watch App.app"; sourceTree = BUILT_PRODUCTS_DIR; };
		0297A2642CC3E6780024AEC9 /* WeatherKit.framework */ = {isa = PBXFileReference; lastKnownFileType = wrapper.framework; name = WeatherKit.framework; path = Platforms/WatchOS.platform/Developer/SDKs/WatchOS11.0.sdk/System/Library/Frameworks/WeatherKit.framework; sourceTree = DEVELOPER_DIR; };
		0297A27B2CC51A740024AEC9 /* ApparentWind.swift */ = {isa = PBXFileReference; lastKnownFileType = sourcecode.swift; path = ApparentWind.swift; sourceTree = "<group>"; };
		0297A27C2CC51A740024AEC9 /* BoatView.swift */ = {isa = PBXFileReference; lastKnownFileType = sourcecode.swift; path = BoatView.swift; sourceTree = "<group>"; };
		0297A27D2CC51A740024AEC9 /* CompassView.swift */ = {isa = PBXFileReference; lastKnownFileType = sourcecode.swift; path = CompassView.swift; sourceTree = "<group>"; };
		0297A27E2CC51A740024AEC9 /* ContentView.swift */ = {isa = PBXFileReference; lastKnownFileType = sourcecode.swift; path = ContentView.swift; sourceTree = "<group>"; };
		0297A27F2CC51A740024AEC9 /* LocationManager.swift */ = {isa = PBXFileReference; lastKnownFileType = sourcecode.swift; path = LocationManager.swift; sourceTree = "<group>"; };
		0297A2802CC51A740024AEC9 /* MapView.swift */ = {isa = PBXFileReference; lastKnownFileType = sourcecode.swift; path = MapView.swift; sourceTree = "<group>"; };
		0297A2812CC51A740024AEC9 /* SailAngleFind.swift */ = {isa = PBXFileReference; lastKnownFileType = sourcecode.swift; path = SailAngleFind.swift; sourceTree = "<group>"; };
		0297A2822CC51A740024AEC9 /* SailingDataCollector.swift */ = {isa = PBXFileReference; lastKnownFileType = sourcecode.swift; path = SailingDataCollector.swift; sourceTree = "<group>"; };
		0297A2832CC51A740024AEC9 /* WindDetector.swift */ = {isa = PBXFileReference; lastKnownFileType = sourcecode.swift; path = WindDetector.swift; sourceTree = "<group>"; };
		0297A2852CC51A740024AEC9 /* Preview Assets.xcassets */ = {isa = PBXFileReference; lastKnownFileType = folder.assetcatalog; path = "Preview Assets.xcassets"; sourceTree = "<group>"; };
		0297A2872CC51A740024AEC9 /* .gitignore */ = {isa = PBXFileReference; lastKnownFileType = text; path = .gitignore; sourceTree = "<group>"; };
		0297A2882CC51A740024AEC9 /* Assets.xcassets */ = {isa = PBXFileReference; lastKnownFileType = folder.assetcatalog; path = Assets.xcassets; sourceTree = "<group>"; };
		0297A2892CC51A740024AEC9 /* BuzzerBeater.entitlements */ = {isa = PBXFileReference; lastKnownFileType = text.plist.entitlements; path = BuzzerBeater.entitlements; sourceTree = "<group>"; };
		0297A28A2CC51A740024AEC9 /* BuzzerBeaterApp.swift */ = {isa = PBXFileReference; lastKnownFileType = sourcecode.swift; path = BuzzerBeaterApp.swift; sourceTree = "<group>"; };
		0297A28B2CC51A740024AEC9 /* BuzzerBeaterRelease.entitlements */ = {isa = PBXFileReference; lastKnownFileType = text.plist.entitlements; path = BuzzerBeaterRelease.entitlements; sourceTree = "<group>"; };
		0297A28C2CC51A740024AEC9 /* Info.plist */ = {isa = PBXFileReference; lastKnownFileType = text.plist.xml; path = Info.plist; sourceTree = "<group>"; };
		9291A7892CB37D6300E44161 /* BuzzerBeater.app */ = {isa = PBXFileReference; explicitFileType = wrapper.application; includeInIndex = 0; path = BuzzerBeater.app; sourceTree = BUILT_PRODUCTS_DIR; };
		CE1B721D2CD27AFB0044895B /* WorkoutManager.swift */ = {isa = PBXFileReference; lastKnownFileType = sourcecode.swift; path = WorkoutManager.swift; sourceTree = "<group>"; wrapsLines = 0; };
		CE1B72202CD299A30044895B /* WorkoutListView.swift */ = {isa = PBXFileReference; lastKnownFileType = sourcecode.swift; path = WorkoutListView.swift; sourceTree = "<group>"; };
		CE1B72232CD299EB0044895B /* WorkoutViewModel.swift */ = {isa = PBXFileReference; lastKnownFileType = sourcecode.swift; path = WorkoutViewModel.swift; sourceTree = "<group>"; };
		CE5E09982CD8F563005DCB57 /* MapPathView.swift */ = {isa = PBXFileReference; lastKnownFileType = sourcecode.swift; path = MapPathView.swift; sourceTree = "<group>"; };
		CEA9CBA62CD5F63A005F1814 /* WorkoutManagerIOS.swift */ = {isa = PBXFileReference; lastKnownFileType = sourcecode.swift; path = WorkoutManagerIOS.swift; sourceTree = "<group>"; };
		CEF0D8612CCEFFDD00243992 /* HealthService.swift */ = {isa = PBXFileReference; lastKnownFileType = sourcecode.swift; path = HealthService.swift; sourceTree = "<group>"; };
		EF79974C2CDB65F6004FF039 /* Date+startOfDay.swift */ = {isa = PBXFileReference; lastKnownFileType = sourcecode.swift; path = "Date+startOfDay.swift"; sourceTree = "<group>"; };
		EF79974F2CDB686A004FF039 /* InfoRow.swift */ = {isa = PBXFileReference; lastKnownFileType = sourcecode.swift; path = InfoRow.swift; sourceTree = "<group>"; };
		EF7997552CDB692D004FF039 /* InfoDetail.swift */ = {isa = PBXFileReference; lastKnownFileType = sourcecode.swift; path = InfoDetail.swift; sourceTree = "<group>"; };
		EF7997582CDB7446004FF039 /* DateFormatter+Formats.swift */ = {isa = PBXFileReference; lastKnownFileType = sourcecode.swift; path = "DateFormatter+Formats.swift"; sourceTree = "<group>"; };
		EF79975B2CDB7C34004FF039 /* InfoIcon.swift */ = {isa = PBXFileReference; lastKnownFileType = sourcecode.swift; path = InfoIcon.swift; sourceTree = "<group>"; };
		EFA4CD722CDB95E9003FBF78 /* TimeInterval+Formats.swift */ = {isa = PBXFileReference; lastKnownFileType = sourcecode.swift; path = "TimeInterval+Formats.swift"; sourceTree = "<group>"; };
/* End PBXFileReference section */

/* Begin PBXFileSystemSynchronizedRootGroup section */
		0297A2522CC3E65C0024AEC9 /* BuzzerBeaterWatch Watch App */ = {
			isa = PBXFileSystemSynchronizedRootGroup;
			path = "BuzzerBeaterWatch Watch App";
			sourceTree = "<group>";
		};
/* End PBXFileSystemSynchronizedRootGroup section */

/* Begin PBXFrameworksBuildPhase section */
		0297A24E2CC3E65C0024AEC9 /* Frameworks */ = {
			isa = PBXFrameworksBuildPhase;
			buildActionMask = 2147483647;
			files = (
			);
			runOnlyForDeploymentPostprocessing = 0;
		};
		9291A7862CB37D6300E44161 /* Frameworks */ = {
			isa = PBXFrameworksBuildPhase;
			buildActionMask = 2147483647;
			files = (
			);
			runOnlyForDeploymentPostprocessing = 0;
		};
/* End PBXFrameworksBuildPhase section */

/* Begin PBXGroup section */
		0297A2632CC3E6780024AEC9 /* Frameworks */ = {
			isa = PBXGroup;
			children = (
				0297A2642CC3E6780024AEC9 /* WeatherKit.framework */,
			);
			name = Frameworks;
			sourceTree = "<group>";
		};
		0297A2842CC51A740024AEC9 /* Andy */ = {
			isa = PBXGroup;
			children = (
				0297A27E2CC51A740024AEC9 /* ContentView.swift */,
				CE1B721D2CD27AFB0044895B /* WorkoutManager.swift */,
				CEA9CBA62CD5F63A005F1814 /* WorkoutManagerIOS.swift */,
				CE1B72202CD299A30044895B /* WorkoutListView.swift */,
				CE1B72232CD299EB0044895B /* WorkoutViewModel.swift */,
				0297A27D2CC51A740024AEC9 /* CompassView.swift */,
				0297A27C2CC51A740024AEC9 /* BoatView.swift */,
				CE5E09982CD8F563005DCB57 /* MapPathView.swift */,
				0297A2802CC51A740024AEC9 /* MapView.swift */,
				0297A27F2CC51A740024AEC9 /* LocationManager.swift */,
				0297A2832CC51A740024AEC9 /* WindDetector.swift */,
				0297A27B2CC51A740024AEC9 /* ApparentWind.swift */,
				0297A2812CC51A740024AEC9 /* SailAngleFind.swift */,
				0297A2822CC51A740024AEC9 /* SailingDataCollector.swift */,
				CEF0D8612CCEFFDD00243992 /* HealthService.swift */,
			);
			path = Andy;
			sourceTree = "<group>";
		};
		0297A2862CC51A740024AEC9 /* Preview Content */ = {
			isa = PBXGroup;
			children = (
				0297A2852CC51A740024AEC9 /* Preview Assets.xcassets */,
			);
			path = "Preview Content";
			sourceTree = "<group>";
		};
		0297A28D2CC51A740024AEC9 /* BuzzerBeater */ = {
			isa = PBXGroup;
			children = (
				EF7997392CDB5D9E004FF039 /* Lavender */,
				0297A2842CC51A740024AEC9 /* Andy */,
				0297A2862CC51A740024AEC9 /* Preview Content */,
				0297A2872CC51A740024AEC9 /* .gitignore */,
				0297A2882CC51A740024AEC9 /* Assets.xcassets */,
				0297A2892CC51A740024AEC9 /* BuzzerBeater.entitlements */,
				0297A28A2CC51A740024AEC9 /* BuzzerBeaterApp.swift */,
				0297A28B2CC51A740024AEC9 /* BuzzerBeaterRelease.entitlements */,
				0297A28C2CC51A740024AEC9 /* Info.plist */,
			);
			path = BuzzerBeater;
			sourceTree = "<group>";
		};
		9291A7802CB37D6300E44161 = {
			isa = PBXGroup;
			children = (
				0297A28D2CC51A740024AEC9 /* BuzzerBeater */,
				0297A2522CC3E65C0024AEC9 /* BuzzerBeaterWatch Watch App */,
				0297A2632CC3E6780024AEC9 /* Frameworks */,
				9291A78A2CB37D6300E44161 /* Products */,
			);
			sourceTree = "<group>";
		};
		9291A78A2CB37D6300E44161 /* Products */ = {
			isa = PBXGroup;
			children = (
				9291A7892CB37D6300E44161 /* BuzzerBeater.app */,
				0297A2512CC3E65C0024AEC9 /* BuzzerBeaterWatch Watch App.app */,
			);
			name = Products;
			sourceTree = "<group>";
		};
		EF7997392CDB5D9E004FF039 /* Lavender */ = {
			isa = PBXGroup;
			children = (
				EF79974B2CDB65E5004FF039 /* Extension */,
				EF79973D2CDB5DC8004FF039 /* View */,
			);
			path = Lavender;
			sourceTree = "<group>";
		};
		EF79973D2CDB5DC8004FF039 /* View */ = {
			isa = PBXGroup;
			children = (
				0273E9CA2CE9D2760043B886 /* Splash.swift */,
				0273E9D02CE9E15C0043B886 /* Launch Screen.storyboard */,
				EF79974F2CDB686A004FF039 /* InfoRow.swift */,
				EF7997552CDB692D004FF039 /* InfoDetail.swift */,
				EF79975B2CDB7C34004FF039 /* InfoIcon.swift */,
			);
			path = View;
			sourceTree = "<group>";
		};
		EF79974B2CDB65E5004FF039 /* Extension */ = {
			isa = PBXGroup;
			children = (
				EFA4CD722CDB95E9003FBF78 /* TimeInterval+Formats.swift */,
				EF79974C2CDB65F6004FF039 /* Date+startOfDay.swift */,
				EF7997582CDB7446004FF039 /* DateFormatter+Formats.swift */,
			);
			path = Extension;
			sourceTree = "<group>";
		};
/* End PBXGroup section */

/* Begin PBXNativeTarget section */
		0297A2502CC3E65C0024AEC9 /* BuzzerBeaterWatch Watch App */ = {
			isa = PBXNativeTarget;
			buildConfigurationList = 0297A2622CC3E65D0024AEC9 /* Build configuration list for PBXNativeTarget "BuzzerBeaterWatch Watch App" */;
			buildPhases = (
				0297A24D2CC3E65C0024AEC9 /* Sources */,
				0297A24E2CC3E65C0024AEC9 /* Frameworks */,
				0297A24F2CC3E65C0024AEC9 /* Resources */,
			);
			buildRules = (
			);
			dependencies = (
			);
			fileSystemSynchronizedGroups = (
				0297A2522CC3E65C0024AEC9 /* BuzzerBeaterWatch Watch App */,
			);
			name = "BuzzerBeaterWatch Watch App";
			packageProductDependencies = (
			);
			productName = "BuzzerBeaterWatch Watch App";
			productReference = 0297A2512CC3E65C0024AEC9 /* BuzzerBeaterWatch Watch App.app */;
			productType = "com.apple.product-type.application";
		};
		9291A7882CB37D6300E44161 /* BuzzerBeater */ = {
			isa = PBXNativeTarget;
			buildConfigurationList = 9291A7972CB37D6400E44161 /* Build configuration list for PBXNativeTarget "BuzzerBeater" */;
			buildPhases = (
				9291A7852CB37D6300E44161 /* Sources */,
				9291A7862CB37D6300E44161 /* Frameworks */,
				9291A7872CB37D6300E44161 /* Resources */,
				0297A25F2CC3E65D0024AEC9 /* Embed Watch Content */,
			);
			buildRules = (
			);
			dependencies = (
			);
			name = BuzzerBeater;
			packageProductDependencies = (
			);
			productName = BuzzerBeater;
			productReference = 9291A7892CB37D6300E44161 /* BuzzerBeater.app */;
			productType = "com.apple.product-type.application";
		};
/* End PBXNativeTarget section */

/* Begin PBXProject section */
		9291A7812CB37D6300E44161 /* Project object */ = {
			isa = PBXProject;
			attributes = {
				BuildIndependentTargetsInParallel = 1;
				LastSwiftUpdateCheck = 1600;
				LastUpgradeCheck = 1610;
				TargetAttributes = {
					0297A2502CC3E65C0024AEC9 = {
						CreatedOnToolsVersion = 16.0;
					};
					9291A7882CB37D6300E44161 = {
						CreatedOnToolsVersion = 16.0;
					};
				};
			};
			buildConfigurationList = 9291A7842CB37D6300E44161 /* Build configuration list for PBXProject "BuzzerBeater" */;
			developmentRegion = en;
			hasScannedForEncodings = 0;
			knownRegions = (
				en,
				Base,
			);
			mainGroup = 9291A7802CB37D6300E44161;
			minimizedProjectReferenceProxies = 1;
			packageReferences = (
			);
			preferredProjectObjectVersion = 77;
			productRefGroup = 9291A78A2CB37D6300E44161 /* Products */;
			projectDirPath = "";
			projectRoot = "";
			targets = (
				9291A7882CB37D6300E44161 /* BuzzerBeater */,
				0297A2502CC3E65C0024AEC9 /* BuzzerBeaterWatch Watch App */,
			);
		};
/* End PBXProject section */

/* Begin PBXResourcesBuildPhase section */
		0297A24F2CC3E65C0024AEC9 /* Resources */ = {
			isa = PBXResourcesBuildPhase;
			buildActionMask = 2147483647;
			files = (
			);
			runOnlyForDeploymentPostprocessing = 0;
		};
		9291A7872CB37D6300E44161 /* Resources */ = {
			isa = PBXResourcesBuildPhase;
			buildActionMask = 2147483647;
			files = (
				0297A2982CC51A740024AEC9 /* Preview Assets.xcassets in Resources */,
				0297A2992CC51A740024AEC9 /* .gitignore in Resources */,
				0273E9D22CE9E15C0043B886 /* Launch Screen.storyboard in Resources */,
				0297A29A2CC51A740024AEC9 /* Assets.xcassets in Resources */,
			);
			runOnlyForDeploymentPostprocessing = 0;
		};
/* End PBXResourcesBuildPhase section */

/* Begin PBXSourcesBuildPhase section */
		0297A24D2CC3E65C0024AEC9 /* Sources */ = {
			isa = PBXSourcesBuildPhase;
			buildActionMask = 2147483647;
			files = (
				CE1B72252CD299F60044895B /* WorkoutViewModel.swift in Sources */,
				EF7997502CDB6881004FF039 /* InfoRow.swift in Sources */,
				CE5E099A2CD8F576005DCB57 /* MapPathView.swift in Sources */,
				EF79974D2CDB660A004FF039 /* Date+startOfDay.swift in Sources */,
				0273E9CB2CE9D2760043B886 /* Splash.swift in Sources */,
				0297A29C2CC51A740024AEC9 /* ContentView.swift in Sources */,
				EF7997562CDB692D004FF039 /* InfoDetail.swift in Sources */,
				CE1B721E2CD27B030044895B /* WorkoutManager.swift in Sources */,
				CE1B72212CD299B00044895B /* WorkoutListView.swift in Sources */,
				0297A29D2CC51A740024AEC9 /* SailingDataCollector.swift in Sources */,
				EF79975A2CDB7469004FF039 /* DateFormatter+Formats.swift in Sources */,
				EF79975C2CDB7C34004FF039 /* InfoIcon.swift in Sources */,
				EFA4CD732CDB960A003FBF78 /* TimeInterval+Formats.swift in Sources */,
				0297A29E2CC51A740024AEC9 /* CompassView.swift in Sources */,
				0297A29F2CC51A740024AEC9 /* BoatView.swift in Sources */,
				0297A2A02CC51A740024AEC9 /* ApparentWind.swift in Sources */,
				CEF0D8632CCEFFF800243992 /* HealthService.swift in Sources */,
				0297A2A12CC51A740024AEC9 /* SailAngleFind.swift in Sources */,
				0297A2A22CC51A740024AEC9 /* WindDetector.swift in Sources */,
				0297A2A32CC51A740024AEC9 /* LocationManager.swift in Sources */,
				0297A2A42CC51A740024AEC9 /* MapView.swift in Sources */,
			);
			runOnlyForDeploymentPostprocessing = 0;
		};
		9291A7852CB37D6300E44161 /* Sources */ = {
			isa = PBXSourcesBuildPhase;
			buildActionMask = 2147483647;
			files = (
				CE1B72242CD299F60044895B /* WorkoutViewModel.swift in Sources */,
				EF7997512CDB6881004FF039 /* InfoRow.swift in Sources */,
				CE5E09992CD8F576005DCB57 /* MapPathView.swift in Sources */,
				EF79974E2CDB660A004FF039 /* Date+startOfDay.swift in Sources */,
				0297A28E2CC51A740024AEC9 /* ApparentWind.swift in Sources */,
				EF7997572CDB692D004FF039 /* InfoDetail.swift in Sources */,
				CE1B72222CD299B00044895B /* WorkoutListView.swift in Sources */,
				0273E9CC2CE9D2760043B886 /* Splash.swift in Sources */,
				0297A28F2CC51A740024AEC9 /* BoatView.swift in Sources */,
				EF7997592CDB7469004FF039 /* DateFormatter+Formats.swift in Sources */,
				EF79975D2CDB7C34004FF039 /* InfoIcon.swift in Sources */,
				CEA9CBA82CD5F63F005F1814 /* WorkoutManagerIOS.swift in Sources */,
				EFA4CD742CDB960A003FBF78 /* TimeInterval+Formats.swift in Sources */,
				0297A2922CC51A740024AEC9 /* LocationManager.swift in Sources */,
				CEF0D8622CCEFFF800243992 /* HealthService.swift in Sources */,
				0297A2932CC51A740024AEC9 /* MapView.swift in Sources */,
				0297A2942CC51A740024AEC9 /* SailAngleFind.swift in Sources */,
				0297A2952CC51A740024AEC9 /* SailingDataCollector.swift in Sources */,
				0297A2962CC51A740024AEC9 /* WindDetector.swift in Sources */,
				0297A2972CC51A740024AEC9 /* BuzzerBeaterApp.swift in Sources */,
			);
			runOnlyForDeploymentPostprocessing = 0;
		};
/* End PBXSourcesBuildPhase section */

/* Begin XCBuildConfiguration section */
		0297A2602CC3E65D0024AEC9 /* Debug */ = {
			isa = XCBuildConfiguration;
			buildSettings = {
				ASSETCATALOG_COMPILER_APPICON_NAME = AppIcon;
				ASSETCATALOG_COMPILER_GLOBAL_ACCENT_COLOR_NAME = AccentColor;
				ASSETCATALOG_COMPILER_INCLUDE_ALL_APPICON_ASSETS = YES;
				CODE_SIGN_ENTITLEMENTS = "BuzzerBeaterWatch Watch App/BuzzerBeaterWatch Watch App.entitlements";
				CODE_SIGN_IDENTITY = "Apple Development";
				"CODE_SIGN_IDENTITY[sdk=watchos*]" = "iPhone Developer";
				CODE_SIGN_STYLE = Manual;
				CURRENT_PROJECT_VERSION = 1;
				DEAD_CODE_STRIPPING = YES;
				DEVELOPMENT_ASSET_PATHS = "\"BuzzerBeaterWatch Watch App/Preview Content\"";
				DEVELOPMENT_TEAM = "";
				"DEVELOPMENT_TEAM[sdk=watchos*]" = DBXHWJCYZK;
				ENABLE_HARDENED_RUNTIME = YES;
				ENABLE_PREVIEWS = YES;
				GENERATE_INFOPLIST_FILE = YES;
				INFOPLIST_FILE = "BuzzerBeaterWatch-Watch-App-Info.plist";
				INFOPLIST_KEY_CFBundleDisplayName = WindTalker;
				INFOPLIST_KEY_NSBluetoothAlwaysUsageDescription = Yes;
				INFOPLIST_KEY_NSHealthClinicalHealthRecordsShareUsageDescription = "App uses health Info";
				INFOPLIST_KEY_NSHealthShareUsageDescription = "App uses health Info";
				INFOPLIST_KEY_NSHealthUpdateUsageDescription = "App uses health Info";
				INFOPLIST_KEY_NSLocationAlwaysAndWhenInUseUsageDescription = "we will use location";
				INFOPLIST_KEY_NSLocationAlwaysUsageDescription = "we will use location";
				INFOPLIST_KEY_NSLocationWhenInUseUsageDescription = "we will use location";
				INFOPLIST_KEY_UISupportedInterfaceOrientations = "UIInterfaceOrientationPortrait UIInterfaceOrientationPortraitUpsideDown";
				INFOPLIST_KEY_WKCompanionAppBundleIdentifier = com.lavender.buzzbeater;
				INFOPLIST_KEY_WKRunsIndependentlyOfCompanionApp = YES;
				LD_RUNPATH_SEARCH_PATHS = (
					"$(inherited)",
					"@executable_path/Frameworks",
				);
				MARKETING_VERSION = 1.0;
				PRODUCT_BUNDLE_IDENTIFIER = com.lavender.buzzbeater.watchkitapp;
				PRODUCT_NAME = "$(TARGET_NAME)";
				PROVISIONING_PROFILE_SPECIFIER = "";
				"PROVISIONING_PROFILE_SPECIFIER[sdk=watchos*]" = provisioningbuzzbeaterwatch;
				SDKROOT = macosx;
				SKIP_INSTALL = YES;
				SWIFT_EMIT_LOC_STRINGS = YES;
				SWIFT_VERSION = 5.0;
				TARGETED_DEVICE_FAMILY = 4;
				WATCHOS_DEPLOYMENT_TARGET = 10.6;
			};
			name = Debug;
		};
		0297A2612CC3E65D0024AEC9 /* Release */ = {
			isa = XCBuildConfiguration;
			buildSettings = {
				ASSETCATALOG_COMPILER_APPICON_NAME = AppIcon;
				ASSETCATALOG_COMPILER_GLOBAL_ACCENT_COLOR_NAME = AccentColor;
				ASSETCATALOG_COMPILER_INCLUDE_ALL_APPICON_ASSETS = YES;
				CODE_SIGN_ENTITLEMENTS = "BuzzerBeaterWatch Watch App/BuzzerBeaterWatch Watch AppRelease.entitlements";
				CODE_SIGN_IDENTITY = "Apple Development";
				"CODE_SIGN_IDENTITY[sdk=watchos*]" = "iPhone Developer";
				CODE_SIGN_STYLE = Manual;
				CURRENT_PROJECT_VERSION = 1;
				DEAD_CODE_STRIPPING = YES;
				DEVELOPMENT_ASSET_PATHS = "\"BuzzerBeaterWatch Watch App/Preview Content\"";
				DEVELOPMENT_TEAM = "";
				"DEVELOPMENT_TEAM[sdk=watchos*]" = DBXHWJCYZK;
				ENABLE_HARDENED_RUNTIME = YES;
				ENABLE_PREVIEWS = YES;
				GENERATE_INFOPLIST_FILE = YES;
				INFOPLIST_FILE = "BuzzerBeaterWatch-Watch-App-Info.plist";
				INFOPLIST_KEY_CFBundleDisplayName = WindTalker;
				INFOPLIST_KEY_NSBluetoothAlwaysUsageDescription = Yes;
				INFOPLIST_KEY_NSHealthClinicalHealthRecordsShareUsageDescription = "App uses health Info";
				INFOPLIST_KEY_NSHealthShareUsageDescription = "App uses health Info";
				INFOPLIST_KEY_NSHealthUpdateUsageDescription = "App uses health Info";
				INFOPLIST_KEY_NSLocationAlwaysAndWhenInUseUsageDescription = "we will use location";
				INFOPLIST_KEY_NSLocationAlwaysUsageDescription = "we will use location";
				INFOPLIST_KEY_NSLocationWhenInUseUsageDescription = "we will use location";
				INFOPLIST_KEY_UISupportedInterfaceOrientations = "UIInterfaceOrientationPortrait UIInterfaceOrientationPortraitUpsideDown";
				INFOPLIST_KEY_WKCompanionAppBundleIdentifier = com.lavender.buzzbeater;
				INFOPLIST_KEY_WKRunsIndependentlyOfCompanionApp = YES;
				LD_RUNPATH_SEARCH_PATHS = (
					"$(inherited)",
					"@executable_path/Frameworks",
				);
				MARKETING_VERSION = 1.0;
				PRODUCT_BUNDLE_IDENTIFIER = com.lavender.buzzbeater.watchkitapp;
				PRODUCT_NAME = "$(TARGET_NAME)";
				PROVISIONING_PROFILE_SPECIFIER = "";
				"PROVISIONING_PROFILE_SPECIFIER[sdk=watchos*]" = provisioningbuzzbeaterwatch;
				SDKROOT = macosx;
				SKIP_INSTALL = YES;
				SWIFT_EMIT_LOC_STRINGS = YES;
				SWIFT_VERSION = 5.0;
				TARGETED_DEVICE_FAMILY = 4;
				WATCHOS_DEPLOYMENT_TARGET = 10.6;
			};
			name = Release;
		};
		9291A7952CB37D6400E44161 /* Debug */ = {
			isa = XCBuildConfiguration;
			buildSettings = {
				ALLOW_TARGET_PLATFORM_SPECIALIZATION = NO;
				ALWAYS_SEARCH_USER_PATHS = NO;
				ASSETCATALOG_COMPILER_GENERATE_SWIFT_ASSET_SYMBOL_EXTENSIONS = YES;
				CLANG_ANALYZER_NONNULL = YES;
				CLANG_ANALYZER_NUMBER_OBJECT_CONVERSION = YES_AGGRESSIVE;
				CLANG_CXX_LANGUAGE_STANDARD = "gnu++20";
				CLANG_ENABLE_MODULES = YES;
				CLANG_ENABLE_OBJC_ARC = YES;
				CLANG_ENABLE_OBJC_WEAK = YES;
				CLANG_WARN_BLOCK_CAPTURE_AUTORELEASING = YES;
				CLANG_WARN_BOOL_CONVERSION = YES;
				CLANG_WARN_COMMA = YES;
				CLANG_WARN_CONSTANT_CONVERSION = YES;
				CLANG_WARN_DEPRECATED_OBJC_IMPLEMENTATIONS = YES;
				CLANG_WARN_DIRECT_OBJC_ISA_USAGE = YES_ERROR;
				CLANG_WARN_DOCUMENTATION_COMMENTS = YES;
				CLANG_WARN_EMPTY_BODY = YES;
				CLANG_WARN_ENUM_CONVERSION = YES;
				CLANG_WARN_INFINITE_RECURSION = YES;
				CLANG_WARN_INT_CONVERSION = YES;
				CLANG_WARN_NON_LITERAL_NULL_CONVERSION = YES;
				CLANG_WARN_OBJC_IMPLICIT_RETAIN_SELF = YES;
				CLANG_WARN_OBJC_LITERAL_CONVERSION = YES;
				CLANG_WARN_OBJC_ROOT_CLASS = YES_ERROR;
				CLANG_WARN_QUOTED_INCLUDE_IN_FRAMEWORK_HEADER = YES;
				CLANG_WARN_RANGE_LOOP_ANALYSIS = YES;
				CLANG_WARN_STRICT_PROTOTYPES = YES;
				CLANG_WARN_SUSPICIOUS_MOVE = YES;
				CLANG_WARN_UNGUARDED_AVAILABILITY = YES_AGGRESSIVE;
				CLANG_WARN_UNREACHABLE_CODE = YES;
				CLANG_WARN__DUPLICATE_METHOD_MATCH = YES;
				COPY_PHASE_STRIP = NO;
				DEBUG_INFORMATION_FORMAT = dwarf;
				ENABLE_STRICT_OBJC_MSGSEND = YES;
				ENABLE_TESTABILITY = YES;
				ENABLE_USER_SCRIPT_SANDBOXING = YES;
				GCC_C_LANGUAGE_STANDARD = gnu17;
				GCC_DYNAMIC_NO_PIC = NO;
				GCC_NO_COMMON_BLOCKS = YES;
				GCC_OPTIMIZATION_LEVEL = 0;
				GCC_PREPROCESSOR_DEFINITIONS = (
					"DEBUG=1",
					"$(inherited)",
				);
				GCC_WARN_64_TO_32_BIT_CONVERSION = YES;
				GCC_WARN_ABOUT_RETURN_TYPE = YES_ERROR;
				GCC_WARN_UNDECLARED_SELECTOR = YES;
				GCC_WARN_UNINITIALIZED_AUTOS = YES_AGGRESSIVE;
				GCC_WARN_UNUSED_FUNCTION = YES;
				GCC_WARN_UNUSED_VARIABLE = YES;
				IPHONEOS_DEPLOYMENT_TARGET = 18.0;
				LOCALIZATION_PREFERS_STRING_CATALOGS = YES;
				MTL_ENABLE_DEBUG_INFO = INCLUDE_SOURCE;
				MTL_FAST_MATH = YES;
				ONLY_ACTIVE_ARCH = YES;
				SDKROOT = iphoneos;
				SUPPORTED_PLATFORMS = "watchsimulator watchos";
				SWIFT_ACTIVE_COMPILATION_CONDITIONS = "DEBUG $(inherited)";
				SWIFT_OPTIMIZATION_LEVEL = "-Onone";
			};
			name = Debug;
		};
		9291A7962CB37D6400E44161 /* Release */ = {
			isa = XCBuildConfiguration;
			buildSettings = {
				ALLOW_TARGET_PLATFORM_SPECIALIZATION = NO;
				ALWAYS_SEARCH_USER_PATHS = NO;
				ASSETCATALOG_COMPILER_GENERATE_SWIFT_ASSET_SYMBOL_EXTENSIONS = YES;
				CLANG_ANALYZER_NONNULL = YES;
				CLANG_ANALYZER_NUMBER_OBJECT_CONVERSION = YES_AGGRESSIVE;
				CLANG_CXX_LANGUAGE_STANDARD = "gnu++20";
				CLANG_ENABLE_MODULES = YES;
				CLANG_ENABLE_OBJC_ARC = YES;
				CLANG_ENABLE_OBJC_WEAK = YES;
				CLANG_WARN_BLOCK_CAPTURE_AUTORELEASING = YES;
				CLANG_WARN_BOOL_CONVERSION = YES;
				CLANG_WARN_COMMA = YES;
				CLANG_WARN_CONSTANT_CONVERSION = YES;
				CLANG_WARN_DEPRECATED_OBJC_IMPLEMENTATIONS = YES;
				CLANG_WARN_DIRECT_OBJC_ISA_USAGE = YES_ERROR;
				CLANG_WARN_DOCUMENTATION_COMMENTS = YES;
				CLANG_WARN_EMPTY_BODY = YES;
				CLANG_WARN_ENUM_CONVERSION = YES;
				CLANG_WARN_INFINITE_RECURSION = YES;
				CLANG_WARN_INT_CONVERSION = YES;
				CLANG_WARN_NON_LITERAL_NULL_CONVERSION = YES;
				CLANG_WARN_OBJC_IMPLICIT_RETAIN_SELF = YES;
				CLANG_WARN_OBJC_LITERAL_CONVERSION = YES;
				CLANG_WARN_OBJC_ROOT_CLASS = YES_ERROR;
				CLANG_WARN_QUOTED_INCLUDE_IN_FRAMEWORK_HEADER = YES;
				CLANG_WARN_RANGE_LOOP_ANALYSIS = YES;
				CLANG_WARN_STRICT_PROTOTYPES = YES;
				CLANG_WARN_SUSPICIOUS_MOVE = YES;
				CLANG_WARN_UNGUARDED_AVAILABILITY = YES_AGGRESSIVE;
				CLANG_WARN_UNREACHABLE_CODE = YES;
				CLANG_WARN__DUPLICATE_METHOD_MATCH = YES;
				COPY_PHASE_STRIP = NO;
				DEBUG_INFORMATION_FORMAT = "dwarf-with-dsym";
				ENABLE_NS_ASSERTIONS = NO;
				ENABLE_STRICT_OBJC_MSGSEND = YES;
				ENABLE_USER_SCRIPT_SANDBOXING = YES;
				GCC_C_LANGUAGE_STANDARD = gnu17;
				GCC_NO_COMMON_BLOCKS = YES;
				GCC_WARN_64_TO_32_BIT_CONVERSION = YES;
				GCC_WARN_ABOUT_RETURN_TYPE = YES_ERROR;
				GCC_WARN_UNDECLARED_SELECTOR = YES;
				GCC_WARN_UNINITIALIZED_AUTOS = YES_AGGRESSIVE;
				GCC_WARN_UNUSED_FUNCTION = YES;
				GCC_WARN_UNUSED_VARIABLE = YES;
				IPHONEOS_DEPLOYMENT_TARGET = 18.0;
				LOCALIZATION_PREFERS_STRING_CATALOGS = YES;
				MTL_ENABLE_DEBUG_INFO = NO;
				MTL_FAST_MATH = YES;
				SDKROOT = iphoneos;
				SUPPORTED_PLATFORMS = "watchsimulator watchos";
				SWIFT_COMPILATION_MODE = wholemodule;
				VALIDATE_PRODUCT = YES;
			};
			name = Release;
		};
		9291A7982CB37D6400E44161 /* Debug */ = {
			isa = XCBuildConfiguration;
			buildSettings = {
				ASSETCATALOG_COMPILER_APPICON_NAME = AppIcon;
				ASSETCATALOG_COMPILER_GLOBAL_ACCENT_COLOR_NAME = AccentColor;
				ASSETCATALOG_COMPILER_INCLUDE_ALL_APPICON_ASSETS = YES;
				CODE_SIGN_ENTITLEMENTS = BuzzerBeater/BuzzerBeater.entitlements;
				"CODE_SIGN_IDENTITY[sdk=iphoneos*]" = "iPhone Developer";
				CODE_SIGN_STYLE = Manual;
				CURRENT_PROJECT_VERSION = 1;
				DEAD_CODE_STRIPPING = YES;
				DEVELOPMENT_ASSET_PATHS = "\"BuzzerBeater/Preview Content\"";
				DEVELOPMENT_TEAM = "";
				"DEVELOPMENT_TEAM[sdk=iphoneos*]" = DBXHWJCYZK;
				ENABLE_PREVIEWS = YES;
				GENERATE_INFOPLIST_FILE = YES;
				INFOPLIST_FILE = BuzzerBeater/Info.plist;
				INFOPLIST_KEY_CFBundleDisplayName = WindTalker;
				INFOPLIST_KEY_LSApplicationCategoryType = "public.app-category.lifestyle";
				INFOPLIST_KEY_NSBluetoothAlwaysUsageDescription = Yes;
				INFOPLIST_KEY_NSBluetoothPeripheralUsageDescription = Yes;
				INFOPLIST_KEY_NSBluetoothWhileInUseUsageDescription = Yes;
				INFOPLIST_KEY_NSHealthClinicalHealthRecordsShareUsageDescription = "App uses health Info";
				INFOPLIST_KEY_NSHealthShareUsageDescription = "App uses health Info";
				INFOPLIST_KEY_NSHealthUpdateUsageDescription = "App uses health Info";
				INFOPLIST_KEY_NSLocationWhenInUseUsageDescription = "App use location info";
				INFOPLIST_KEY_UIApplicationSceneManifest_Generation = YES;
				INFOPLIST_KEY_UIApplicationSupportsIndirectInputEvents = YES;
				INFOPLIST_KEY_UILaunchScreen_Generation = YES;
				INFOPLIST_KEY_UILaunchStoryboardName = "Launch Screen";
				INFOPLIST_KEY_UIRequiresFullScreen = YES;
				INFOPLIST_KEY_UISupportedInterfaceOrientations = UIInterfaceOrientationPortrait;
				IPHONEOS_DEPLOYMENT_TARGET = 17.6;
				LD_RUNPATH_SEARCH_PATHS = (
					"$(inherited)",
					"@executable_path/Frameworks",
				);
				MARKETING_VERSION = 1.0;
				PRODUCT_BUNDLE_IDENTIFIER = com.lavender.buzzbeater;
				PRODUCT_NAME = "$(TARGET_NAME)";
				PROVISIONING_PROFILE_SPECIFIER = "";
				"PROVISIONING_PROFILE_SPECIFIER[sdk=iphoneos*]" = provisioningbuzzbeater;
				SDKROOT = macosx;
				SUPPORTED_PLATFORMS = "iphonesimulator iphoneos";
				SWIFT_EMIT_LOC_STRINGS = YES;
				SWIFT_VERSION = 5.0;
				TARGETED_DEVICE_FAMILY = "1,2";
			};
			name = Debug;
		};
		9291A7992CB37D6400E44161 /* Release */ = {
			isa = XCBuildConfiguration;
			buildSettings = {
				ASSETCATALOG_COMPILER_APPICON_NAME = AppIcon;
				ASSETCATALOG_COMPILER_GLOBAL_ACCENT_COLOR_NAME = AccentColor;
				ASSETCATALOG_COMPILER_INCLUDE_ALL_APPICON_ASSETS = YES;
				CODE_SIGN_ENTITLEMENTS = BuzzerBeater/BuzzerBeaterRelease.entitlements;
				CODE_SIGN_IDENTITY = "Apple Development";
				"CODE_SIGN_IDENTITY[sdk=iphoneos*]" = "iPhone Developer";
				CODE_SIGN_STYLE = Manual;
				CURRENT_PROJECT_VERSION = 1;
				DEAD_CODE_STRIPPING = YES;
				DEVELOPMENT_ASSET_PATHS = "\"BuzzerBeater/Preview Content\"";
				DEVELOPMENT_TEAM = "";
				"DEVELOPMENT_TEAM[sdk=iphoneos*]" = DBXHWJCYZK;
				"DEVELOPMENT_TEAM[sdk=watchos*]" = DBXHWJCYZK;
				ENABLE_HARDENED_RUNTIME = YES;
				ENABLE_PREVIEWS = YES;
				GENERATE_INFOPLIST_FILE = YES;
				INFOPLIST_FILE = BuzzerBeater/Info.plist;
				INFOPLIST_KEY_CFBundleDisplayName = WindTalker;
				INFOPLIST_KEY_LSApplicationCategoryType = "public.app-category.lifestyle";
				INFOPLIST_KEY_NSBluetoothAlwaysUsageDescription = Yes;
				INFOPLIST_KEY_NSBluetoothPeripheralUsageDescription = Yes;
				INFOPLIST_KEY_NSBluetoothWhileInUseUsageDescription = Yes;
				INFOPLIST_KEY_NSHealthClinicalHealthRecordsShareUsageDescription = "App uses health Info";
				INFOPLIST_KEY_NSHealthShareUsageDescription = "App uses health Info";
				INFOPLIST_KEY_NSHealthUpdateUsageDescription = "App uses health Info";
				INFOPLIST_KEY_NSLocationWhenInUseUsageDescription = "App use location info";
				INFOPLIST_KEY_UIApplicationSceneManifest_Generation = YES;
				INFOPLIST_KEY_UIApplicationSupportsIndirectInputEvents = YES;
				INFOPLIST_KEY_UILaunchScreen_Generation = YES;
				INFOPLIST_KEY_UILaunchStoryboardName = "Launch Screen";
				INFOPLIST_KEY_UIRequiresFullScreen = YES;
				INFOPLIST_KEY_UISupportedInterfaceOrientations = UIInterfaceOrientationPortrait;
				IPHONEOS_DEPLOYMENT_TARGET = 17.6;
				LD_RUNPATH_SEARCH_PATHS = (
					"$(inherited)",
					"@executable_path/Frameworks",
				);
				MARKETING_VERSION = 1.0;
				PRODUCT_BUNDLE_IDENTIFIER = com.lavender.buzzbeater;
				PRODUCT_NAME = "$(TARGET_NAME)";
				PROVISIONING_PROFILE_SPECIFIER = "";
				"PROVISIONING_PROFILE_SPECIFIER[sdk=iphoneos*]" = provisioningbuzzbeater;
				"PROVISIONING_PROFILE_SPECIFIER[sdk=watchos*]" = provisioningbuzzbeater;
				SDKROOT = macosx;
				SUPPORTED_PLATFORMS = "iphonesimulator iphoneos";
				SWIFT_EMIT_LOC_STRINGS = YES;
				SWIFT_VERSION = 5.0;
				TARGETED_DEVICE_FAMILY = "1,2";
			};
			name = Release;
		};
/* End XCBuildConfiguration section */

/* Begin XCConfigurationList section */
		0297A2622CC3E65D0024AEC9 /* Build configuration list for PBXNativeTarget "BuzzerBeaterWatch Watch App" */ = {
			isa = XCConfigurationList;
			buildConfigurations = (
				0297A2602CC3E65D0024AEC9 /* Debug */,
				0297A2612CC3E65D0024AEC9 /* Release */,
			);
			defaultConfigurationIsVisible = 0;
			defaultConfigurationName = Release;
		};
		9291A7842CB37D6300E44161 /* Build configuration list for PBXProject "BuzzerBeater" */ = {
			isa = XCConfigurationList;
			buildConfigurations = (
				9291A7952CB37D6400E44161 /* Debug */,
				9291A7962CB37D6400E44161 /* Release */,
			);
			defaultConfigurationIsVisible = 0;
			defaultConfigurationName = Release;
		};
		9291A7972CB37D6400E44161 /* Build configuration list for PBXNativeTarget "BuzzerBeater" */ = {
			isa = XCConfigurationList;
			buildConfigurations = (
				9291A7982CB37D6400E44161 /* Debug */,
				9291A7992CB37D6400E44161 /* Release */,
			);
			defaultConfigurationIsVisible = 0;
			defaultConfigurationName = Release;
		};
/* End XCConfigurationList section */
	};
	rootObject = 9291A7812CB37D6300E44161 /* Project object */;
}
