// !$*UTF8*$!
{
	archiveVersion = 1;
	classes = {
	};
	objectVersion = 77;
	objects = {

/* Begin PBXBuildFile section */
		02CE99282CBD94A400668857 /* Preview Assets.xcassets in Resources */ = {isa = PBXBuildFile; fileRef = 02CE99182CBD94A400668857 /* Preview Assets.xcassets */; };
		02CE99292CBD94A400668857 /* .gitignore in Resources */ = {isa = PBXBuildFile; fileRef = 02CE991A2CBD94A400668857 /* .gitignore */; };
		02CE992A2CBD94A400668857 /* Assets.xcassets in Resources */ = {isa = PBXBuildFile; fileRef = 02CE991C2CBD94A400668857 /* Assets.xcassets */; };
		02CE992C2CBD94A400668857 /* ApparentWind.swift in Sources */ = {isa = PBXBuildFile; fileRef = 02CE991B2CBD94A400668857 /* ApparentWind.swift */; };
		02CE992D2CBD94A400668857 /* BoatView.swift in Sources */ = {isa = PBXBuildFile; fileRef = 02CE991D2CBD94A400668857 /* BoatView.swift */; };
		02CE992E2CBD94A400668857 /* BuzzerBeaterApp.swift in Sources */ = {isa = PBXBuildFile; fileRef = 02CE991E2CBD94A400668857 /* BuzzerBeaterApp.swift */; };
		02CE992F2CBD94A400668857 /* CompassView.swift in Sources */ = {isa = PBXBuildFile; fileRef = 02CE991F2CBD94A400668857 /* CompassView.swift */; };
		02CE99302CBD94A400668857 /* ContentView.swift in Sources */ = {isa = PBXBuildFile; fileRef = 02CE99202CBD94A400668857 /* ContentView.swift */; };
		02CE99312CBD94A400668857 /* LocationManager.swift in Sources */ = {isa = PBXBuildFile; fileRef = 02CE99222CBD94A400668857 /* LocationManager.swift */; };
		02CE99322CBD94A400668857 /* MapView.swift in Sources */ = {isa = PBXBuildFile; fileRef = 02CE99232CBD94A400668857 /* MapView.swift */; };
		02CE99332CBD94A400668857 /* SailAngleFind.swift in Sources */ = {isa = PBXBuildFile; fileRef = 02CE99242CBD94A400668857 /* SailAngleFind.swift */; };
		02CE99342CBD94A400668857 /* SailingDataCollector.swift in Sources */ = {isa = PBXBuildFile; fileRef = 02CE99252CBD94A400668857 /* SailingDataCollector.swift */; };
		02CE99352CBD94A400668857 /* WindDetector.swift in Sources */ = {isa = PBXBuildFile; fileRef = 02CE99262CBD94A400668857 /* WindDetector.swift */; };
/* End PBXBuildFile section */

/* Begin PBXFileReference section */
		02CE99182CBD94A400668857 /* Preview Assets.xcassets */ = {isa = PBXFileReference; lastKnownFileType = folder.assetcatalog; path = "Preview Assets.xcassets"; sourceTree = "<group>"; };
		02CE991A2CBD94A400668857 /* .gitignore */ = {isa = PBXFileReference; lastKnownFileType = text; path = .gitignore; sourceTree = "<group>"; };
		02CE991B2CBD94A400668857 /* ApparentWind.swift */ = {isa = PBXFileReference; lastKnownFileType = sourcecode.swift; path = ApparentWind.swift; sourceTree = "<group>"; };
		02CE991C2CBD94A400668857 /* Assets.xcassets */ = {isa = PBXFileReference; lastKnownFileType = folder.assetcatalog; path = Assets.xcassets; sourceTree = "<group>"; };
		02CE991D2CBD94A400668857 /* BoatView.swift */ = {isa = PBXFileReference; lastKnownFileType = sourcecode.swift; path = BoatView.swift; sourceTree = "<group>"; };
		02CE991E2CBD94A400668857 /* BuzzerBeaterApp.swift */ = {isa = PBXFileReference; lastKnownFileType = sourcecode.swift; path = BuzzerBeaterApp.swift; sourceTree = "<group>"; };
		02CE991F2CBD94A400668857 /* CompassView.swift */ = {isa = PBXFileReference; lastKnownFileType = sourcecode.swift; path = CompassView.swift; sourceTree = "<group>"; };
		02CE99202CBD94A400668857 /* ContentView.swift */ = {isa = PBXFileReference; lastKnownFileType = sourcecode.swift; path = ContentView.swift; sourceTree = "<group>"; };
		02CE99222CBD94A400668857 /* LocationManager.swift */ = {isa = PBXFileReference; lastKnownFileType = sourcecode.swift; path = LocationManager.swift; sourceTree = "<group>"; };
		02CE99232CBD94A400668857 /* MapView.swift */ = {isa = PBXFileReference; lastKnownFileType = sourcecode.swift; path = MapView.swift; sourceTree = "<group>"; };
		02CE99242CBD94A400668857 /* SailAngleFind.swift */ = {isa = PBXFileReference; lastKnownFileType = sourcecode.swift; path = SailAngleFind.swift; sourceTree = "<group>"; };
		02CE99252CBD94A400668857 /* SailingDataCollector.swift */ = {isa = PBXFileReference; lastKnownFileType = sourcecode.swift; path = SailingDataCollector.swift; sourceTree = "<group>"; };
		02CE99262CBD94A400668857 /* WindDetector.swift */ = {isa = PBXFileReference; lastKnownFileType = sourcecode.swift; path = WindDetector.swift; sourceTree = "<group>"; };
		02CE99372CBDED8500668857 /* BuzzerBeater.entitlements */ = {isa = PBXFileReference; lastKnownFileType = text.plist.entitlements; path = BuzzerBeater.entitlements; sourceTree = "<group>"; };
		02CE99382CBDED9000668857 /* Info.plist */ = {isa = PBXFileReference; lastKnownFileType = text.plist; path = Info.plist; sourceTree = "<group>"; };
		9291A7892CB37D6300E44161 /* BuzzerBeater.app */ = {isa = PBXFileReference; explicitFileType = wrapper.application; includeInIndex = 0; path = BuzzerBeater.app; sourceTree = BUILT_PRODUCTS_DIR; };
/* End PBXFileReference section */

/* Begin PBXFrameworksBuildPhase section */
		9291A7862CB37D6300E44161 /* Frameworks */ = {
			isa = PBXFrameworksBuildPhase;
			buildActionMask = 2147483647;
			files = (
			);
			runOnlyForDeploymentPostprocessing = 0;
		};
/* End PBXFrameworksBuildPhase section */

/* Begin PBXGroup section */
		02CE99192CBD94A400668857 /* Preview Content */ = {
			isa = PBXGroup;
			children = (
				02CE99182CBD94A400668857 /* Preview Assets.xcassets */,
			);
			path = "Preview Content";
			sourceTree = "<group>";
		};
		02CE99272CBD94A400668857 /* BuzzerBeater */ = {
			isa = PBXGroup;
			children = (
				02CE99382CBDED9000668857 /* Info.plist */,
				02CE99372CBDED8500668857 /* BuzzerBeater.entitlements */,
				02CE99192CBD94A400668857 /* Preview Content */,
				02CE991A2CBD94A400668857 /* .gitignore */,
				02CE991E2CBD94A400668857 /* BuzzerBeaterApp.swift */,
				02CE99362CBD94B500668857 /* Andy */,
				02CE991C2CBD94A400668857 /* Assets.xcassets */,
			);
			path = BuzzerBeater;
			sourceTree = "<group>";
		};
		02CE99362CBD94B500668857 /* Andy */ = {
			isa = PBXGroup;
			children = (
				02CE99202CBD94A400668857 /* ContentView.swift */,
				02CE991F2CBD94A400668857 /* CompassView.swift */,
				02CE991D2CBD94A400668857 /* BoatView.swift */,
				02CE99232CBD94A400668857 /* MapView.swift */,
				02CE99222CBD94A400668857 /* LocationManager.swift */,
				02CE99262CBD94A400668857 /* WindDetector.swift */,
				02CE991B2CBD94A400668857 /* ApparentWind.swift */,
				02CE99242CBD94A400668857 /* SailAngleFind.swift */,
				02CE99252CBD94A400668857 /* SailingDataCollector.swift */,
			);
			path = Andy;
			sourceTree = "<group>";
		};
		9291A7802CB37D6300E44161 = {
			isa = PBXGroup;
			children = (
				02CE99272CBD94A400668857 /* BuzzerBeater */,
				9291A78A2CB37D6300E44161 /* Products */,
			);
			sourceTree = "<group>";
		};
		9291A78A2CB37D6300E44161 /* Products */ = {
			isa = PBXGroup;
			children = (
				9291A7892CB37D6300E44161 /* BuzzerBeater.app */,
			);
			name = Products;
			sourceTree = "<group>";
		};
/* End PBXGroup section */

/* Begin PBXNativeTarget section */
		9291A7882CB37D6300E44161 /* BuzzerBeater */ = {
			isa = PBXNativeTarget;
			buildConfigurationList = 9291A7972CB37D6400E44161 /* Build configuration list for PBXNativeTarget "BuzzerBeater" */;
			buildPhases = (
				9291A7852CB37D6300E44161 /* Sources */,
				9291A7862CB37D6300E44161 /* Frameworks */,
				9291A7872CB37D6300E44161 /* Resources */,
			);
			buildRules = (
			);
			dependencies = (
			);
			name = BuzzerBeater;
			packageProductDependencies = (
			);
			productName = BuzzerBeater;
			productReference = 9291A7892CB37D6300E44161 /* BuzzerBeater.app */;
			productType = "com.apple.product-type.application";
		};
/* End PBXNativeTarget section */

/* Begin PBXProject section */
		9291A7812CB37D6300E44161 /* Project object */ = {
			isa = PBXProject;
			attributes = {
				BuildIndependentTargetsInParallel = 1;
				LastSwiftUpdateCheck = 1600;
				LastUpgradeCheck = 1600;
				TargetAttributes = {
					9291A7882CB37D6300E44161 = {
						CreatedOnToolsVersion = 16.0;
					};
				};
			};
			buildConfigurationList = 9291A7842CB37D6300E44161 /* Build configuration list for PBXProject "BuzzerBeater" */;
			developmentRegion = en;
			hasScannedForEncodings = 0;
			knownRegions = (
				en,
				Base,
			);
			mainGroup = 9291A7802CB37D6300E44161;
			minimizedProjectReferenceProxies = 1;
			preferredProjectObjectVersion = 77;
			productRefGroup = 9291A78A2CB37D6300E44161 /* Products */;
			projectDirPath = "";
			projectRoot = "";
			targets = (
				9291A7882CB37D6300E44161 /* BuzzerBeater */,
			);
		};
/* End PBXProject section */

/* Begin PBXResourcesBuildPhase section */
		9291A7872CB37D6300E44161 /* Resources */ = {
			isa = PBXResourcesBuildPhase;
			buildActionMask = 2147483647;
			files = (
				02CE99282CBD94A400668857 /* Preview Assets.xcassets in Resources */,
				02CE99292CBD94A400668857 /* .gitignore in Resources */,
				02CE992A2CBD94A400668857 /* Assets.xcassets in Resources */,
			);
			runOnlyForDeploymentPostprocessing = 0;
		};
/* End PBXResourcesBuildPhase section */

/* Begin PBXSourcesBuildPhase section */
		9291A7852CB37D6300E44161 /* Sources */ = {
			isa = PBXSourcesBuildPhase;
			buildActionMask = 2147483647;
			files = (
				02CE992C2CBD94A400668857 /* ApparentWind.swift in Sources */,
				02CE992D2CBD94A400668857 /* BoatView.swift in Sources */,
				02CE992E2CBD94A400668857 /* BuzzerBeaterApp.swift in Sources */,
				02CE992F2CBD94A400668857 /* CompassView.swift in Sources */,
				02CE99302CBD94A400668857 /* ContentView.swift in Sources */,
				02CE99312CBD94A400668857 /* LocationManager.swift in Sources */,
				02CE99322CBD94A400668857 /* MapView.swift in Sources */,
				02CE99332CBD94A400668857 /* SailAngleFind.swift in Sources */,
				02CE99342CBD94A400668857 /* SailingDataCollector.swift in Sources */,
				02CE99352CBD94A400668857 /* WindDetector.swift in Sources */,
			);
			runOnlyForDeploymentPostprocessing = 0;
		};
/* End PBXSourcesBuildPhase section */

/* Begin XCBuildConfiguration section */
		9291A7952CB37D6400E44161 /* Debug */ = {
			isa = XCBuildConfiguration;
			buildSettings = {
				ALWAYS_SEARCH_USER_PATHS = NO;
				ASSETCATALOG_COMPILER_GENERATE_SWIFT_ASSET_SYMBOL_EXTENSIONS = YES;
				CLANG_ANALYZER_NONNULL = YES;
				CLANG_ANALYZER_NUMBER_OBJECT_CONVERSION = YES_AGGRESSIVE;
				CLANG_CXX_LANGUAGE_STANDARD = "gnu++20";
				CLANG_ENABLE_MODULES = YES;
				CLANG_ENABLE_OBJC_ARC = YES;
				CLANG_ENABLE_OBJC_WEAK = YES;
				CLANG_WARN_BLOCK_CAPTURE_AUTORELEASING = YES;
				CLANG_WARN_BOOL_CONVERSION = YES;
				CLANG_WARN_COMMA = YES;
				CLANG_WARN_CONSTANT_CONVERSION = YES;
				CLANG_WARN_DEPRECATED_OBJC_IMPLEMENTATIONS = YES;
				CLANG_WARN_DIRECT_OBJC_ISA_USAGE = YES_ERROR;
				CLANG_WARN_DOCUMENTATION_COMMENTS = YES;
				CLANG_WARN_EMPTY_BODY = YES;
				CLANG_WARN_ENUM_CONVERSION = YES;
				CLANG_WARN_INFINITE_RECURSION = YES;
				CLANG_WARN_INT_CONVERSION = YES;
				CLANG_WARN_NON_LITERAL_NULL_CONVERSION = YES;
				CLANG_WARN_OBJC_IMPLICIT_RETAIN_SELF = YES;
				CLANG_WARN_OBJC_LITERAL_CONVERSION = YES;
				CLANG_WARN_OBJC_ROOT_CLASS = YES_ERROR;
				CLANG_WARN_QUOTED_INCLUDE_IN_FRAMEWORK_HEADER = YES;
				CLANG_WARN_RANGE_LOOP_ANALYSIS = YES;
				CLANG_WARN_STRICT_PROTOTYPES = YES;
				CLANG_WARN_SUSPICIOUS_MOVE = YES;
				CLANG_WARN_UNGUARDED_AVAILABILITY = YES_AGGRESSIVE;
				CLANG_WARN_UNREACHABLE_CODE = YES;
				CLANG_WARN__DUPLICATE_METHOD_MATCH = YES;
				COPY_PHASE_STRIP = NO;
				DEBUG_INFORMATION_FORMAT = dwarf;
				ENABLE_STRICT_OBJC_MSGSEND = YES;
				ENABLE_TESTABILITY = YES;
				ENABLE_USER_SCRIPT_SANDBOXING = YES;
				GCC_C_LANGUAGE_STANDARD = gnu17;
				GCC_DYNAMIC_NO_PIC = NO;
				GCC_NO_COMMON_BLOCKS = YES;
				GCC_OPTIMIZATION_LEVEL = 0;
				GCC_PREPROCESSOR_DEFINITIONS = (
					"DEBUG=1",
					"$(inherited)",
				);
				GCC_WARN_64_TO_32_BIT_CONVERSION = YES;
				GCC_WARN_ABOUT_RETURN_TYPE = YES_ERROR;
				GCC_WARN_UNDECLARED_SELECTOR = YES;
				GCC_WARN_UNINITIALIZED_AUTOS = YES_AGGRESSIVE;
				GCC_WARN_UNUSED_FUNCTION = YES;
				GCC_WARN_UNUSED_VARIABLE = YES;
				IPHONEOS_DEPLOYMENT_TARGET = 18.0;
				LOCALIZATION_PREFERS_STRING_CATALOGS = YES;
				MTL_ENABLE_DEBUG_INFO = INCLUDE_SOURCE;
				MTL_FAST_MATH = YES;
				ONLY_ACTIVE_ARCH = YES;
				SDKROOT = iphoneos;
				SWIFT_ACTIVE_COMPILATION_CONDITIONS = "DEBUG $(inherited)";
				SWIFT_OPTIMIZATION_LEVEL = "-Onone";
			};
			name = Debug;
		};
		9291A7962CB37D6400E44161 /* Release */ = {
			isa = XCBuildConfiguration;
			buildSettings = {
				ALWAYS_SEARCH_USER_PATHS = NO;
				ASSETCATALOG_COMPILER_GENERATE_SWIFT_ASSET_SYMBOL_EXTENSIONS = YES;
				CLANG_ANALYZER_NONNULL = YES;
				CLANG_ANALYZER_NUMBER_OBJECT_CONVERSION = YES_AGGRESSIVE;
				CLANG_CXX_LANGUAGE_STANDARD = "gnu++20";
				CLANG_ENABLE_MODULES = YES;
				CLANG_ENABLE_OBJC_ARC = YES;
				CLANG_ENABLE_OBJC_WEAK = YES;
				CLANG_WARN_BLOCK_CAPTURE_AUTORELEASING = YES;
				CLANG_WARN_BOOL_CONVERSION = YES;
				CLANG_WARN_COMMA = YES;
				CLANG_WARN_CONSTANT_CONVERSION = YES;
				CLANG_WARN_DEPRECATED_OBJC_IMPLEMENTATIONS = YES;
				CLANG_WARN_DIRECT_OBJC_ISA_USAGE = YES_ERROR;
				CLANG_WARN_DOCUMENTATION_COMMENTS = YES;
				CLANG_WARN_EMPTY_BODY = YES;
				CLANG_WARN_ENUM_CONVERSION = YES;
				CLANG_WARN_INFINITE_RECURSION = YES;
				CLANG_WARN_INT_CONVERSION = YES;
				CLANG_WARN_NON_LITERAL_NULL_CONVERSION = YES;
				CLANG_WARN_OBJC_IMPLICIT_RETAIN_SELF = YES;
				CLANG_WARN_OBJC_LITERAL_CONVERSION = YES;
				CLANG_WARN_OBJC_ROOT_CLASS = YES_ERROR;
				CLANG_WARN_QUOTED_INCLUDE_IN_FRAMEWORK_HEADER = YES;
				CLANG_WARN_RANGE_LOOP_ANALYSIS = YES;
				CLANG_WARN_STRICT_PROTOTYPES = YES;
				CLANG_WARN_SUSPICIOUS_MOVE = YES;
				CLANG_WARN_UNGUARDED_AVAILABILITY = YES_AGGRESSIVE;
				CLANG_WARN_UNREACHABLE_CODE = YES;
				CLANG_WARN__DUPLICATE_METHOD_MATCH = YES;
				COPY_PHASE_STRIP = NO;
				DEBUG_INFORMATION_FORMAT = "dwarf-with-dsym";
				ENABLE_NS_ASSERTIONS = NO;
				ENABLE_STRICT_OBJC_MSGSEND = YES;
				ENABLE_USER_SCRIPT_SANDBOXING = YES;
				GCC_C_LANGUAGE_STANDARD = gnu17;
				GCC_NO_COMMON_BLOCKS = YES;
				GCC_WARN_64_TO_32_BIT_CONVERSION = YES;
				GCC_WARN_ABOUT_RETURN_TYPE = YES_ERROR;
				GCC_WARN_UNDECLARED_SELECTOR = YES;
				GCC_WARN_UNINITIALIZED_AUTOS = YES_AGGRESSIVE;
				GCC_WARN_UNUSED_FUNCTION = YES;
				GCC_WARN_UNUSED_VARIABLE = YES;
				IPHONEOS_DEPLOYMENT_TARGET = 18.0;
				LOCALIZATION_PREFERS_STRING_CATALOGS = YES;
				MTL_ENABLE_DEBUG_INFO = NO;
				MTL_FAST_MATH = YES;
				SDKROOT = iphoneos;
				SWIFT_COMPILATION_MODE = wholemodule;
				VALIDATE_PRODUCT = YES;
			};
			name = Release;
		};
		9291A7982CB37D6400E44161 /* Debug */ = {
			isa = XCBuildConfiguration;
			buildSettings = {
				ASSETCATALOG_COMPILER_APPICON_NAME = AppIcon;
				ASSETCATALOG_COMPILER_GLOBAL_ACCENT_COLOR_NAME = AccentColor;
				CODE_SIGN_ENTITLEMENTS = BuzzerBeater/BuzzerBeater.entitlements;
				CODE_SIGN_IDENTITY = "Apple Development";
				CODE_SIGN_STYLE = Automatic;
				CURRENT_PROJECT_VERSION = 1;
				DEVELOPMENT_ASSET_PATHS = "\"BuzzerBeater/Preview Content\"";
				DEVELOPMENT_TEAM = "";
				ENABLE_PREVIEWS = YES;
				GENERATE_INFOPLIST_FILE = YES;
				INFOPLIST_FILE = BuzzerBeater/Info.plist;
				INFOPLIST_KEY_UIApplicationSceneManifest_Generation = YES;
				INFOPLIST_KEY_UIApplicationSupportsIndirectInputEvents = YES;
				INFOPLIST_KEY_UILaunchScreen_Generation = YES;
				INFOPLIST_KEY_UISupportedInterfaceOrientations_iPad = "UIInterfaceOrientationPortrait UIInterfaceOrientationPortraitUpsideDown UIInterfaceOrientationLandscapeLeft UIInterfaceOrientationLandscapeRight";
				INFOPLIST_KEY_UISupportedInterfaceOrientations_iPhone = "UIInterfaceOrientationPortrait UIInterfaceOrientationLandscapeLeft UIInterfaceOrientationLandscapeRight";
				IPHONEOS_DEPLOYMENT_TARGET = 17.0;
				LD_RUNPATH_SEARCH_PATHS = (
					"$(inherited)",
					"@executable_path/Frameworks",
				);
				MARKETING_VERSION = 1.0;
				PRODUCT_BUNDLE_IDENTIFIER = sail.BuzzerBeater;
				PRODUCT_NAME = "$(TARGET_NAME)";
				PROVISIONING_PROFILE_SPECIFIER = "";
				SUPPORTED_PLATFORMS = "iphoneos iphonesimulator";
				SUPPORTS_MACCATALYST = NO;
				SUPPORTS_MAC_DESIGNED_FOR_IPHONE_IPAD = NO;
				SUPPORTS_XR_DESIGNED_FOR_IPHONE_IPAD = NO;
				SWIFT_EMIT_LOC_STRINGS = YES;
				SWIFT_VERSION = 5.0;
				TARGETED_DEVICE_FAMILY = "1,2";
			};
			name = Debug;
		};
		9291A7992CB37D6400E44161 /* Release */ = {
			isa = XCBuildConfiguration;
			buildSettings = {
				ASSETCATALOG_COMPILER_APPICON_NAME = AppIcon;
				ASSETCATALOG_COMPILER_GLOBAL_ACCENT_COLOR_NAME = AccentColor;
				CODE_SIGN_ENTITLEMENTS = BuzzerBeater/BuzzerBeater.entitlements;
				CODE_SIGN_IDENTITY = "Apple Development";
				CODE_SIGN_STYLE = Automatic;
				CURRENT_PROJECT_VERSION = 1;
				DEVELOPMENT_ASSET_PATHS = "\"BuzzerBeater/Preview Content\"";
				DEVELOPMENT_TEAM = "";
				ENABLE_PREVIEWS = YES;
				GENERATE_INFOPLIST_FILE = YES;
				INFOPLIST_FILE = BuzzerBeater/Info.plist;
				INFOPLIST_KEY_UIApplicationSceneManifest_Generation = YES;
				INFOPLIST_KEY_UIApplicationSupportsIndirectInputEvents = YES;
				INFOPLIST_KEY_UILaunchScreen_Generation = YES;
				INFOPLIST_KEY_UISupportedInterfaceOrientations_iPad = "UIInterfaceOrientationPortrait UIInterfaceOrientationPortraitUpsideDown UIInterfaceOrientationLandscapeLeft UIInterfaceOrientationLandscapeRight";
				INFOPLIST_KEY_UISupportedInterfaceOrientations_iPhone = "UIInterfaceOrientationPortrait UIInterfaceOrientationLandscapeLeft UIInterfaceOrientationLandscapeRight";
				IPHONEOS_DEPLOYMENT_TARGET = 17.0;
				LD_RUNPATH_SEARCH_PATHS = (
					"$(inherited)",
					"@executable_path/Frameworks",
				);
				MARKETING_VERSION = 1.0;
				PRODUCT_BUNDLE_IDENTIFIER = sail.BuzzerBeater;
				PRODUCT_NAME = "$(TARGET_NAME)";
				PROVISIONING_PROFILE_SPECIFIER = "";
				SUPPORTED_PLATFORMS = "iphoneos iphonesimulator";
				SUPPORTS_MACCATALYST = NO;
				SUPPORTS_MAC_DESIGNED_FOR_IPHONE_IPAD = NO;
				SUPPORTS_XR_DESIGNED_FOR_IPHONE_IPAD = NO;
				SWIFT_EMIT_LOC_STRINGS = YES;
				SWIFT_VERSION = 5.0;
				TARGETED_DEVICE_FAMILY = "1,2";
			};
			name = Release;
		};
/* End XCBuildConfiguration section */

/* Begin XCConfigurationList section */
		9291A7842CB37D6300E44161 /* Build configuration list for PBXProject "BuzzerBeater" */ = {
			isa = XCConfigurationList;
			buildConfigurations = (
				9291A7952CB37D6400E44161 /* Debug */,
				9291A7962CB37D6400E44161 /* Release */,
			);
			defaultConfigurationIsVisible = 0;
			defaultConfigurationName = Release;
		};
		9291A7972CB37D6400E44161 /* Build configuration list for PBXNativeTarget "BuzzerBeater" */ = {
			isa = XCConfigurationList;
			buildConfigurations = (
				9291A7982CB37D6400E44161 /* Debug */,
				9291A7992CB37D6400E44161 /* Release */,
			);
			defaultConfigurationIsVisible = 0;
			defaultConfigurationName = Release;
		};
/* End XCConfigurationList section */
	};
	rootObject = 9291A7812CB37D6300E44161 /* Project object */;
}
